
Microsoft Visual Studio Solution File, Format Version 12.00
# Visual Studio 15
VisualStudioVersion = 15.0.26124.0
MinimumVisualStudioVersion = 15.0.26124.0
Project("{FAE04EC0-301F-11D3-BF4B-00C04F79EFBC}") = "MicroSample.Api", "MicroSample.Api\MicroSample.Api.csproj", "{FA34315F-4DD6-409B-A922-256B42401926}"
EndProject
Project("{FAE04EC0-301F-11D3-BF4B-00C04F79EFBC}") = "MicroSample.Api.Test", "MicroSample.Api.Test\MicroSample.Api.Test.csproj", "{BCC0D8A9-1FA8-4AAF-AA2D-C16296DFFFA2}"
EndProject
Project("{FAE04EC0-301F-11D3-BF4B-00C04F79EFBC}") = "MicroSample.Business", "MicroSample.Business\MicroSample.Business.csproj", "{452C4071-9CFF-4706-96AF-062751F65410}"
EndProject
Project("{FAE04EC0-301F-11D3-BF4B-00C04F79EFBC}") = "MicroSample.Business.Test", "MicroSample.Business.Test\MicroSample.Business.Test.csproj", "{89549A56-1D18-472A-A23D-5D292A9398FB}"
EndProject
Project("{FAE04EC0-301F-11D3-BF4B-00C04F79EFBC}") = "MicroSample.Domain", "MicroSample.Domain\MicroSample.Domain.csproj", "{B5C99342-5E7E-41D5-9B33-425F865E37D9}"
EndProject
Global
	GlobalSection(SolutionConfigurationPlatforms) = preSolution
		Debug|Any CPU = Debug|Any CPU
		Debug|x64 = Debug|x64
		Debug|x86 = Debug|x86
		Release|Any CPU = Release|Any CPU
		Release|x64 = Release|x64
		Release|x86 = Release|x86
	EndGlobalSection
	GlobalSection(SolutionProperties) = preSolution
		HideSolutionNode = FALSE
	EndGlobalSection
	GlobalSection(ProjectConfigurationPlatforms) = postSolution
		{FA34315F-4DD6-409B-A922-256B42401926}.Debug|Any CPU.ActiveCfg = Debug|Any CPU
		{FA34315F-4DD6-409B-A922-256B42401926}.Debug|Any CPU.Build.0 = Debug|Any CPU
		{FA34315F-4DD6-409B-A922-256B42401926}.Debug|x64.ActiveCfg = Debug|Any CPU
		{FA34315F-4DD6-409B-A922-256B42401926}.Debug|x64.Build.0 = Debug|Any CPU
		{FA34315F-4DD6-409B-A922-256B42401926}.Debug|x86.ActiveCfg = Debug|Any CPU
		{FA34315F-4DD6-409B-A922-256B42401926}.Debug|x86.Build.0 = Debug|Any CPU
		{FA34315F-4DD6-409B-A922-256B42401926}.Release|Any CPU.ActiveCfg = Release|Any CPU
		{FA34315F-4DD6-409B-A922-256B42401926}.Release|Any CPU.Build.0 = Release|Any CPU
		{FA34315F-4DD6-409B-A922-256B42401926}.Release|x64.ActiveCfg = Release|Any CPU
		{FA34315F-4DD6-409B-A922-256B42401926}.Release|x64.Build.0 = Release|Any CPU
		{FA34315F-4DD6-409B-A922-256B42401926}.Release|x86.ActiveCfg = Release|Any CPU
		{FA34315F-4DD6-409B-A922-256B42401926}.Release|x86.Build.0 = Release|Any CPU
		{BCC0D8A9-1FA8-4AAF-AA2D-C16296DFFFA2}.Debug|Any CPU.ActiveCfg = Debug|Any CPU
		{BCC0D8A9-1FA8-4AAF-AA2D-C16296DFFFA2}.Debug|Any CPU.Build.0 = Debug|Any CPU
		{BCC0D8A9-1FA8-4AAF-AA2D-C16296DFFFA2}.Debug|x64.ActiveCfg = Debug|Any CPU
		{BCC0D8A9-1FA8-4AAF-AA2D-C16296DFFFA2}.Debug|x64.Build.0 = Debug|Any CPU
		{BCC0D8A9-1FA8-4AAF-AA2D-C16296DFFFA2}.Debug|x86.ActiveCfg = Debug|Any CPU
		{BCC0D8A9-1FA8-4AAF-AA2D-C16296DFFFA2}.Debug|x86.Build.0 = Debug|Any CPU
		{BCC0D8A9-1FA8-4AAF-AA2D-C16296DFFFA2}.Release|Any CPU.ActiveCfg = Release|Any CPU
		{BCC0D8A9-1FA8-4AAF-AA2D-C16296DFFFA2}.Release|Any CPU.Build.0 = Release|Any CPU
		{BCC0D8A9-1FA8-4AAF-AA2D-C16296DFFFA2}.Release|x64.ActiveCfg = Release|Any CPU
		{BCC0D8A9-1FA8-4AAF-AA2D-C16296DFFFA2}.Release|x64.Build.0 = Release|Any CPU
		{BCC0D8A9-1FA8-4AAF-AA2D-C16296DFFFA2}.Release|x86.ActiveCfg = Release|Any CPU
		{BCC0D8A9-1FA8-4AAF-AA2D-C16296DFFFA2}.Release|x86.Build.0 = Release|Any CPU
		{452C4071-9CFF-4706-96AF-062751F65410}.Debug|Any CPU.ActiveCfg = Debug|Any CPU
		{452C4071-9CFF-4706-96AF-062751F65410}.Debug|Any CPU.Build.0 = Debug|Any CPU
		{452C4071-9CFF-4706-96AF-062751F65410}.Debug|x64.ActiveCfg = Debug|Any CPU
		{452C4071-9CFF-4706-96AF-062751F65410}.Debug|x64.Build.0 = Debug|Any CPU
		{452C4071-9CFF-4706-96AF-062751F65410}.Debug|x86.ActiveCfg = Debug|Any CPU
		{452C4071-9CFF-4706-96AF-062751F65410}.Debug|x86.Build.0 = Debug|Any CPU
		{452C4071-9CFF-4706-96AF-062751F65410}.Release|Any CPU.ActiveCfg = Release|Any CPU
		{452C4071-9CFF-4706-96AF-062751F65410}.Release|Any CPU.Build.0 = Release|Any CPU
		{452C4071-9CFF-4706-96AF-062751F65410}.Release|x64.ActiveCfg = Release|Any CPU
		{452C4071-9CFF-4706-96AF-062751F65410}.Release|x64.Build.0 = Release|Any CPU
		{452C4071-9CFF-4706-96AF-062751F65410}.Release|x86.ActiveCfg = Release|Any CPU
		{452C4071-9CFF-4706-96AF-062751F65410}.Release|x86.Build.0 = Release|Any CPU
		{89549A56-1D18-472A-A23D-5D292A9398FB}.Debug|Any CPU.ActiveCfg = Debug|Any CPU
		{89549A56-1D18-472A-A23D-5D292A9398FB}.Debug|Any CPU.Build.0 = Debug|Any CPU
		{89549A56-1D18-472A-A23D-5D292A9398FB}.Debug|x64.ActiveCfg = Debug|Any CPU
		{89549A56-1D18-472A-A23D-5D292A9398FB}.Debug|x64.Build.0 = Debug|Any CPU
		{89549A56-1D18-472A-A23D-5D292A9398FB}.Debug|x86.ActiveCfg = Debug|Any CPU
		{89549A56-1D18-472A-A23D-5D292A9398FB}.Debug|x86.Build.0 = Debug|Any CPU
		{89549A56-1D18-472A-A23D-5D292A9398FB}.Release|Any CPU.ActiveCfg = Release|Any CPU
		{89549A56-1D18-472A-A23D-5D292A9398FB}.Release|Any CPU.Build.0 = Release|Any CPU
		{89549A56-1D18-472A-A23D-5D292A9398FB}.Release|x64.ActiveCfg = Release|Any CPU
		{89549A56-1D18-472A-A23D-5D292A9398FB}.Release|x64.Build.0 = Release|Any CPU
		{89549A56-1D18-472A-A23D-5D292A9398FB}.Release|x86.ActiveCfg = Release|Any CPU
		{89549A56-1D18-472A-A23D-5D292A9398FB}.Release|x86.Build.0 = Release|Any CPU
		{B5C99342-5E7E-41D5-9B33-425F865E37D9}.Debug|Any CPU.ActiveCfg = Debug|Any CPU
		{B5C99342-5E7E-41D5-9B33-425F865E37D9}.Debug|Any CPU.Build.0 = Debug|Any CPU
		{B5C99342-5E7E-41D5-9B33-425F865E37D9}.Debug|x64.ActiveCfg = Debug|Any CPU
		{B5C99342-5E7E-41D5-9B33-425F865E37D9}.Debug|x64.Build.0 = Debug|Any CPU
		{B5C99342-5E7E-41D5-9B33-425F865E37D9}.Debug|x86.ActiveCfg = Debug|Any CPU
		{B5C99342-5E7E-41D5-9B33-425F865E37D9}.Debug|x86.Build.0 = Debug|Any CPU
		{B5C99342-5E7E-41D5-9B33-425F865E37D9}.Release|Any CPU.ActiveCfg = Release|Any CPU
		{B5C99342-5E7E-41D5-9B33-425F865E37D9}.Release|Any CPU.Build.0 = Release|Any CPU
		{B5C99342-5E7E-41D5-9B33-425F865E37D9}.Release|x64.ActiveCfg = Release|Any CPU
		{B5C99342-5E7E-41D5-9B33-425F865E37D9}.Release|x64.Build.0 = Release|Any CPU
		{B5C99342-5E7E-41D5-9B33-425F865E37D9}.Release|x86.ActiveCfg = Release|Any CPU
		{B5C99342-5E7E-41D5-9B33-425F865E37D9}.Release|x86.Build.0 = Release|Any CPU
	EndGlobalSection
EndGlobal
